{
  "version": 4,
  "terraform_version": "1.7.0",
  "serial": 8,
  "lineage": "73cde8cc-3c70-8fed-0116-f6070a697bc1",
  "outputs": {},
  "resources": [
    {
      "mode": "data",
      "type": "aws_iam_policy_document",
      "name": "sns_topic_policy",
      "provider": "provider[\"registry.terraform.io/hashicorp/aws\"]",
      "instances": [
        {
          "schema_version": 0,
          "attributes": {
            "id": "211397163",
            "json": "{\n  \"Version\": \"2012-10-17\",\n  \"Statement\": [\n    {\n      \"Effect\": \"Allow\",\n      \"Action\": \"SNS:Publish\",\n      \"Resource\": \"arn:aws:sns:us-east-1:133409251263:ec2-state-change-alerts\",\n      \"Principal\": {\n        \"Service\": \"events.amazonaws.com\"\n      }\n    }\n  ]\n}",
            "minified_json": "{\"Version\":\"2012-10-17\",\"Statement\":[{\"Effect\":\"Allow\",\"Action\":\"SNS:Publish\",\"Resource\":\"arn:aws:sns:us-east-1:133409251263:ec2-state-change-alerts\",\"Principal\":{\"Service\":\"events.amazonaws.com\"}}]}",
            "override_json": null,
            "override_policy_documents": null,
            "policy_id": null,
            "source_json": null,
            "source_policy_documents": null,
            "statement": [
              {
                "actions": [
                  "SNS:Publish"
                ],
                "condition": [],
                "effect": "Allow",
                "not_actions": [],
                "not_principals": [],
                "not_resources": [],
                "principals": [
                  {
                    "identifiers": [
                      "events.amazonaws.com"
                    ],
                    "type": "Service"
                  }
                ],
                "resources": [
                  "arn:aws:sns:us-east-1:133409251263:ec2-state-change-alerts"
                ],
                "sid": ""
              }
            ],
            "version": "2012-10-17"
          },
          "sensitive_attributes": []
        }
      ]
    },
    {
      "mode": "managed",
      "type": "aws_cloudwatch_event_rule",
      "name": "ec2_state_rule",
      "provider": "provider[\"registry.terraform.io/hashicorp/aws\"]",
      "instances": [
        {
          "schema_version": 1,
          "attributes": {
            "arn": "arn:aws:events:us-east-1:133409251263:rule/monitor-ec2-state-change",
            "description": "Detects when any EC2 instance changes state",
            "event_bus_name": "default",
            "event_pattern": "{\"detail-type\":[\"EC2 Instance State-change Notification\"],\"source\":[\"aws.ec2\"]}",
            "force_destroy": false,
            "id": "monitor-ec2-state-change",
            "is_enabled": true,
            "name": "monitor-ec2-state-change",
            "name_prefix": "",
            "region": "us-east-1",
            "role_arn": "",
            "schedule_expression": "",
            "state": "ENABLED",
            "tags": null,
            "tags_all": {}
          },
          "sensitive_attributes": [],
          "private": "eyJzY2hlbWFfdmVyc2lvbiI6IjEifQ=="
        }
      ]
    },
    {
      "mode": "managed",
      "type": "aws_cloudwatch_event_target",
      "name": "sns_target",
      "provider": "provider[\"registry.terraform.io/hashicorp/aws\"]",
      "instances": [
        {
          "schema_version": 1,
          "attributes": {
            "appsync_target": [],
            "arn": "arn:aws:sns:us-east-1:133409251263:ec2-state-change-alerts",
            "batch_target": [],
            "dead_letter_config": [],
            "ecs_target": [],
            "event_bus_name": "default",
            "force_destroy": false,
            "http_target": [],
            "id": "monitor-ec2-state-change-SendToSNS",
            "input": "",
            "input_path": "",
            "input_transformer": [],
            "kinesis_target": [],
            "redshift_target": [],
            "region": "us-east-1",
            "retry_policy": [],
            "role_arn": "",
            "rule": "monitor-ec2-state-change",
            "run_command_targets": [],
            "sagemaker_pipeline_target": [],
            "sqs_target": [],
            "target_id": "SendToSNS"
          },
          "sensitive_attributes": [],
          "private": "eyJzY2hlbWFfdmVyc2lvbiI6IjEifQ==",
          "dependencies": [
            "aws_cloudwatch_event_rule.ec2_state_rule",
            "aws_sns_topic.ec2_alerts"
          ]
        }
      ]
    },
    {
      "mode": "managed",
      "type": "aws_sns_topic",
      "name": "ec2_alerts",
      "provider": "provider[\"registry.terraform.io/hashicorp/aws\"]",
      "instances": [
        {
          "schema_version": 0,
          "attributes": {
            "application_failure_feedback_role_arn": "",
            "application_success_feedback_role_arn": "",
            "application_success_feedback_sample_rate": 0,
            "archive_policy": "",
            "arn": "arn:aws:sns:us-east-1:133409251263:ec2-state-change-alerts",
            "beginning_archive_time": "",
            "content_based_deduplication": false,
            "delivery_policy": "",
            "display_name": "",
            "fifo_throughput_scope": "",
            "fifo_topic": false,
            "firehose_failure_feedback_role_arn": "",
            "firehose_success_feedback_role_arn": "",
            "firehose_success_feedback_sample_rate": 0,
            "http_failure_feedback_role_arn": "",
            "http_success_feedback_role_arn": "",
            "http_success_feedback_sample_rate": 0,
            "id": "arn:aws:sns:us-east-1:133409251263:ec2-state-change-alerts",
            "kms_master_key_id": "",
            "lambda_failure_feedback_role_arn": "",
            "lambda_success_feedback_role_arn": "",
            "lambda_success_feedback_sample_rate": 0,
            "name": "ec2-state-change-alerts",
            "name_prefix": "",
            "owner": "133409251263",
            "policy": "{\"Id\":\"__default_policy_ID\",\"Statement\":[{\"Action\":[\"SNS:GetTopicAttributes\",\"SNS:SetTopicAttributes\",\"SNS:AddPermission\",\"SNS:RemovePermission\",\"SNS:DeleteTopic\",\"SNS:Subscribe\",\"SNS:ListSubscriptionsByTopic\",\"SNS:Publish\"],\"Condition\":{\"StringEquals\":{\"AWS:SourceOwner\":\"133409251263\"}},\"Effect\":\"Allow\",\"Principal\":{\"AWS\":\"*\"},\"Resource\":\"arn:aws:sns:us-east-1:133409251263:ec2-state-change-alerts\",\"Sid\":\"__default_statement_ID\"}],\"Version\":\"2008-10-17\"}",
            "region": "us-east-1",
            "signature_version": 0,
            "sqs_failure_feedback_role_arn": "",
            "sqs_success_feedback_role_arn": "",
            "sqs_success_feedback_sample_rate": 0,
            "tags": null,
            "tags_all": {},
            "tracing_config": ""
          },
          "sensitive_attributes": [],
          "private": "bnVsbA=="
        }
      ]
    },
    {
      "mode": "managed",
      "type": "aws_sns_topic_policy",
      "name": "default",
      "provider": "provider[\"registry.terraform.io/hashicorp/aws\"]",
      "instances": [
        {
          "schema_version": 0,
          "attributes": {
            "arn": "arn:aws:sns:us-east-1:133409251263:ec2-state-change-alerts",
            "id": "arn:aws:sns:us-east-1:133409251263:ec2-state-change-alerts",
            "owner": "133409251263",
            "policy": "{\"Statement\":[{\"Action\":\"SNS:Publish\",\"Effect\":\"Allow\",\"Principal\":{\"Service\":\"events.amazonaws.com\"},\"Resource\":\"arn:aws:sns:us-east-1:133409251263:ec2-state-change-alerts\"}],\"Version\":\"2012-10-17\"}",
            "region": "us-east-1"
          },
          "sensitive_attributes": [],
          "private": "bnVsbA==",
          "dependencies": [
            "aws_sns_topic.ec2_alerts",
            "data.aws_iam_policy_document.sns_topic_policy"
          ]
        }
      ]
    },
    {
      "mode": "managed",
      "type": "aws_sns_topic_subscription",
      "name": "email_alert",
      "provider": "provider[\"registry.terraform.io/hashicorp/aws\"]",
      "instances": [
        {
          "schema_version": 0,
          "attributes": {
            "arn": "arn:aws:sns:us-east-1:133409251263:ec2-state-change-alerts:e58c5192-70f1-4420-b318-818ba2541b9b",
            "confirmation_timeout_in_minutes": 1,
            "confirmation_was_authenticated": false,
            "delivery_policy": "",
            "endpoint": "wanjicloudk@gmail.com",
            "endpoint_auto_confirms": false,
            "filter_policy": "",
            "filter_policy_scope": "",
            "id": "arn:aws:sns:us-east-1:133409251263:ec2-state-change-alerts:e58c5192-70f1-4420-b318-818ba2541b9b",
            "owner_id": "133409251263",
            "pending_confirmation": true,
            "protocol": "email",
            "raw_message_delivery": false,
            "redrive_policy": "",
            "region": "us-east-1",
            "replay_policy": "",
            "subscription_role_arn": "",
            "topic_arn": "arn:aws:sns:us-east-1:133409251263:ec2-state-change-alerts"
          },
          "sensitive_attributes": [],
          "private": "bnVsbA==",
          "dependencies": [
            "aws_sns_topic.ec2_alerts"
          ]
        }
      ]
    }
  ],
  "check_results": null
}
